
Microsoft Visual Studio Solution File, Format Version 12.00
# Visual Studio Version 16
VisualStudioVersion = 16.0.29411.108
MinimumVisualStudioVersion = 10.0.40219.1
Project("{FAE04EC0-301F-11D3-BF4B-00C04F79EFBC}") = "NiboDevelopersChallenge", "NiboDevelopersChallenge\NiboDevelopersChallenge.csproj", "{C51D59EB-FE81-43AA-8F0C-1629A3B364C7}"
EndProject
Global
	GlobalSection(SolutionConfigurationPlatforms) = preSolution
		Debug|Any CPU = Debug|Any CPU
		Release|Any CPU = Release|Any CPU
	EndGlobalSection
	GlobalSection(ProjectConfigurationPlatforms) = postSolution
		{C51D59EB-FE81-43AA-8F0C-1629A3B364C7}.Debug|Any CPU.ActiveCfg = Debug|Any CPU
		{C51D59EB-FE81-43AA-8F0C-1629A3B364C7}.Debug|Any CPU.Build.0 = Debug|Any CPU
		{C51D59EB-FE81-43AA-8F0C-1629A3B364C7}.Release|Any CPU.ActiveCfg = Release|Any CPU
		{C51D59EB-FE81-43AA-8F0C-1629A3B364C7}.Release|Any CPU.Build.0 = Release|Any CPU
	EndGlobalSection
	GlobalSection(SolutionProperties) = preSolution
		HideSolutionNode = FALSE
	EndGlobalSection
	GlobalSection(ExtensibilityGlobals) = postSolution
		SolutionGuid = {19386494-13C7-4C1A-9320-E20A1DF12D4A}
	EndGlobalSection
EndGlobal
